
Microsoft Visual Studio Solution File, Format Version 12.00
Project("{FAE04EC0-301F-11D3-BF4B-00C04F79EFBC}") = "TestScope", "TestScope\TestScope.csproj", "{34B0DE1D-2290-4CC0-865D-159111D4F5EE}"
EndProject
Global
	GlobalSection(SolutionConfigurationPlatforms) = preSolution
		Debug|Any CPU = Debug|Any CPU
		Release|Any CPU = Release|Any CPU
	EndGlobalSection
	GlobalSection(ProjectConfigurationPlatforms) = postSolution
		{34B0DE1D-2290-4CC0-865D-159111D4F5EE}.Debug|Any CPU.ActiveCfg = Debug|Any CPU
		{34B0DE1D-2290-4CC0-865D-159111D4F5EE}.Debug|Any CPU.Build.0 = Debug|Any CPU
		{34B0DE1D-2290-4CC0-865D-159111D4F5EE}.Release|Any CPU.ActiveCfg = Release|Any CPU
		{34B0DE1D-2290-4CC0-865D-159111D4F5EE}.Release|Any CPU.Build.0 = Release|Any CPU
	EndGlobalSection
EndGlobal
